{
  "nodes": {
    "flake-utils": {
      "inputs": {
        "systems": "systems"
      },
      "locked": {
        "lastModified": 1701680307,
        "narHash": "sha256-kAuep2h5ajznlPMD9rnQyffWG8EM/C73lejGofXvdM8=",
        "owner": "numtide",
        "repo": "flake-utils",
        "rev": "4022d587cbbfd70fe950c1e2083a02621806a725",
        "type": "github"
      },
      "original": {
        "id": "flake-utils",
        "type": "indirect"
      }
    },
    "naersk": {
      "inputs": {
        "nixpkgs": [
          "nixpkgs"
        ]
      },
      "locked": {
        "lastModified": 1718727675,
        "narHash": "sha256-uFsCwWYI2pUpt0awahSBorDUrUfBhaAiyz+BPTS2MHk=",
        "owner": "nix-community",
        "repo": "naersk",
        "rev": "941ce6dc38762a7cfb90b5add223d584feed299b",
        "type": "github"
      },
      "original": {
        "owner": "nix-community",
        "repo": "naersk",
        "type": "github"
      }
    },
    "nix-filter": {
      "locked": {
        "lastModified": 1710156097,
        "narHash": "sha256-1Wvk8UP7PXdf8bCCaEoMnOT1qe5/Duqgj+rL8sRQsSM=",
        "owner": "numtide",
        "repo": "nix-filter",
        "rev": "3342559a24e85fc164b295c3444e8a139924675b",
        "type": "github"
      },
      "original": {
        "owner": "numtide",
        "repo": "nix-filter",
        "type": "github"
      }
    },
    "nixpkgs": {
      "locked": {
        "lastModified": 1703255338,
        "narHash": "sha256-Z6wfYJQKmDN9xciTwU3cOiOk+NElxdZwy/FiHctCzjU=",
        "owner": "NixOS",
        "repo": "nixpkgs",
        "rev": "6df37dc6a77654682fe9f071c62b4242b5342e04",
        "type": "github"
      },
      "original": {
        "id": "nixpkgs",
        "type": "indirect"
      }
    },
    "root": {
      "inputs": {
        "flake-utils": "flake-utils",
        "naersk": "naersk",
        "nix-filter": "nix-filter",
        "nixpkgs": "nixpkgs",
        "rust-overlay": "rust-overlay"
      }
    },
    "rust-overlay": {
      "inputs": {
        "nixpkgs": [
          "nixpkgs"
        ]
      },
      "locked": {
        "lastModified": 1721528458,
        "narHash": "sha256-uruH/EV8Rpa/CRxn8CiMzhoA6tJe8qO5c8NdgP1g0rM=",
        "owner": "oxalica",
        "repo": "rust-overlay",
        "rev": "0b2b2da1dad1c675c45d9e23c75674de969de83b",
        "type": "github"
      },
      "original": {
        "owner": "oxalica",
        "repo": "rust-overlay",
        "type": "github"
      }
    },
    "systems": {
      "locked": {
        "lastModified": 1681028828,
        "narHash": "sha256-Vy1rq5AaRuLzOxct8nz4T6wlgyUR7zLU309k9mBC768=",
        "owner": "nix-systems",
        "repo": "default",
        "rev": "da67096a3b9bf56a91d16901293e51ba5b49a27e",
        "type": "github"
      },
      "original": {
        "owner": "nix-systems",
        "repo": "default",
        "type": "github"
      }
    }
  },
  "root": "root",
  "version": 7
}
